<Project xmlns="http://schemas.microsoft.com/developer/msbuild/2003">
    <PropertyGroup>
        <Base>True</Base>
        <AppType>Console</AppType>
        <Config Condition="'$(Config)'==''">Debug</Config>
        <FrameworkType>None</FrameworkType>
        <MainSource>AutoMapperTests.dpr</MainSource>
        <Platform Condition="'$(Platform)'==''">Win32</Platform>
        <ProjectGuid>{A9DD066C-E48C-4ACE-873B-7B0866EE2020}</ProjectGuid>
        <ProjectVersion>18.8</ProjectVersion>
        <TargetedPlatforms>1</TargetedPlatforms>
    </PropertyGroup>
    <PropertyGroup Condition="'$(Config)'=='Base' or '$(Base)'!=''">
        <Base>true</Base>
    </PropertyGroup>
    <PropertyGroup Condition="('$(Platform)'=='Win32' and '$(Base)'=='true') or '$(Base_Win32)'!=''">
        <Base_Win32>true</Base_Win32>
        <CfgParent>Base</CfgParent>
        <Base>true</Base>
    </PropertyGroup>
    <PropertyGroup Condition="'$(Config)'=='Debug' or '$(Cfg_1)'!=''">
        <Cfg_1>true</Cfg_1>
        <CfgParent>Base</CfgParent>
        <Base>true</Base>
    </PropertyGroup>
    <PropertyGroup Condition="('$(Platform)'=='Win32' and '$(Cfg_1)'=='true') or '$(Cfg_1_Win32)'!=''">
        <Cfg_1_Win32>true</Cfg_1_Win32>
        <CfgParent>Cfg_1</CfgParent>
        <Cfg_1>true</Cfg_1>
        <Base>true</Base>
    </PropertyGroup>
    <PropertyGroup Condition="'$(Config)'=='Release' or '$(Cfg_2)'!=''">
        <Cfg_2>true</Cfg_2>
        <CfgParent>Base</CfgParent>
        <Base>true</Base>
    </PropertyGroup>
    <PropertyGroup Condition="'$(Base)'!=''">
        <SanitizedProjectName>AutoMapperTests</SanitizedProjectName>
        <DCC_DcuOutput>.\$(Platform)\$(Config)</DCC_DcuOutput>
        <DCC_ExeOutput>.\$(Platform)\$(Config)</DCC_ExeOutput>
        <DCC_Namespace>System;Xml;Data;Datasnap;Web;Soap;$(DCC_Namespace)</DCC_Namespace>
        <DCC_UnitSearchPath>$(DUnitX);C:\Code\spring4d1.2\Source;C:\Code\spring4d1.2\Source\Base;C:\Code\spring4d1.2\Source\Base\Collections;C:\Code\spring4d1.2\Source\Base\Logging;C:\Code\spring4d1.2\Source\Base\Patches;C:\Code\spring4d1.2\Source\Core\Container;C:\Code\spring4d1.2\Source\Core\Interception;C:\Code\spring4d1.2\Source\Core\Logging;C:\Code\spring4d1.2\Source\Core\Mocking;C:\Code\spring4d1.2\Source\Core\Services;C:\Code\spring4d1.2\Source\Data\ObjectDataSet;C:\Code\spring4d1.2\Source\Extensions\Cryptography;C:\Code\spring4d1.2\Source\Extensions\Utils;C:\Code\spring4d1.2\Source\Persistence\Adapters;C:\Code\spring4d1.2\Source\Persistence\Core;C:\Code\spring4d1.2\Source\Persistence\Criteria;C:\Code\spring4d1.2\Source\Persistence\Mapping;C:\Code\spring4d1.2\Source\Persistence\SQL;$(DCC_UnitSearchPath)</DCC_UnitSearchPath>
        <Icns_MainIcns>$(BDS)\bin\delphi_PROJECTICNS.icns</Icns_MainIcns>
        <Icon_MainIcon>$(BDS)\bin\delphi_PROJECTICON.ico</Icon_MainIcon>
        <UsingDelphiRTL>true</UsingDelphiRTL>
        <VerInfo_Keys>CompanyName=;FileDescription=;FileVersion=1.0.0.0;InternalName=;LegalCopyright=;LegalTrademarks=;OriginalFilename=;ProductName=;ProductVersion=1.0.0.0;Comments=</VerInfo_Keys>
        <VerInfo_Locale>1033</VerInfo_Locale>
    </PropertyGroup>
    <PropertyGroup Condition="'$(Base_Win32)'!=''">
        <DCC_Namespace>Winapi;System.Win;Data.Win;Datasnap.Win;Web.Win;Soap.Win;Xml.Win;Bde;$(DCC_Namespace)</DCC_Namespace>
        <DCC_UsePackage>DBXSqliteDriver;RESTComponents;tmsexd;DBXInterBaseDriver;vclactnband;frxe23;vclFireDAC;tethering;svnui;FireDACADSDriver;AsyncPro;BTreeFiler;rbUSERDesign1215;FrameViewer2;vcltouch;vcldb;bindcompfmx;svn;wPDF3;inetdb;HsBarcode2DRun;tmsxlsd;EdgeVCL;FmxTeeUI;FireDACIBDriver;fmx;fmxdae;GTSBusinessComponents;ZipMasterR;dbexpress;IndyCore;vclx;dsnap;FixLargeFontDialogs;FireDACCommon;tmsd;rbUSER1215;RESTBackendComponents;VCLRESTComponents;soapserver;frxTee23;EmbeddedWebBrowser;vclie;WPViewPDF3Lib;bindengine;DBXMySQLDriver;CloudService;DCPCrypt;FireDACMySQLDriver;OrpheusDB;FixInsight_10;FireDACCommonDriver;inet;bindcompdbx;IndyIPCommon;vcl;IndyIPServer;SysTools;IndySystem;rbRCL1215;rbTCUI1215;dsnapcon;VirtualTreesR;rbTC1215;FireDACMSAccDriver;fmxFireDAC;vclimg;Orpheus;tmswizd;FireDAC;TeeDB;ImageLib;FireDACSqliteDriver;FireDACPgDriver;FireDACASADriver;FMXTee;soaprtl;DbxCommonDriver;Tee;xmlrtl;soapmidas;fmxobj;vclwinx;rtl;DbxClientDriver;CustomIPTransport;vcldsnap;bindcomp;appanalytics;IndyIPClient;bindcompvcl;Multilizer;frxDB23;TeeUI;rbIDE1215;vclribbon;dbxcds;VclSmp;adortl;FireDACODBCDriver;VerInsLiveBlameIDE;dsnapxml;dbrtl;inetdbxpress;IndyProtocols;frx23;fmxase;$(DCC_UsePackage)</DCC_UsePackage>
        <VerInfo_Keys>CompanyName=;FileVersion=1.0.0.0;InternalName=;LegalCopyright=;LegalTrademarks=;OriginalFilename=;ProductVersion=1.0.0.0;Comments=;ProgramID=com.embarcadero.$(MSBuildProjectName);FileDescription=$(MSBuildProjectName);ProductName=$(MSBuildProjectName)</VerInfo_Keys>
        <VerInfo_Locale>1033</VerInfo_Locale>
    </PropertyGroup>
    <PropertyGroup Condition="'$(Cfg_1)'!=''">
        <DCC_DebugDCUs>true</DCC_DebugDCUs>
        <DCC_DebugInfoInExe>true</DCC_DebugInfoInExe>
        <DCC_Define>DEBUG;$(DCC_Define)</DCC_Define>
        <DCC_GenerateStackFrames>true</DCC_GenerateStackFrames>
        <DCC_Optimize>false</DCC_Optimize>
        <DCC_RemoteDebug>true</DCC_RemoteDebug>
    </PropertyGroup>
    <PropertyGroup Condition="'$(Cfg_1_Win32)'!=''">
        <DCC_RemoteDebug>false</DCC_RemoteDebug>
        <Manifest_File>None</Manifest_File>
        <VerInfo_Locale>1033</VerInfo_Locale>
    </PropertyGroup>
    <PropertyGroup Condition="'$(Cfg_2)'!=''">
        <DCC_DebugInformation>0</DCC_DebugInformation>
        <DCC_Define>RELEASE;$(DCC_Define)</DCC_Define>
        <DCC_LocalDebugSymbols>false</DCC_LocalDebugSymbols>
        <DCC_SymbolReferenceInfo>0</DCC_SymbolReferenceInfo>
    </PropertyGroup>
    <ItemGroup>
        <DelphiCompile Include="$(MainSource)">
            <MainSource>MainSource</MainSource>
        </DelphiCompile>
        <DCCReference Include="uAutoMapperTests.pas"/>
        <DCCReference Include="..\uTestTypes.pas"/>
        <DCCReference Include="..\uTestClassB.pas"/>
        <DCCReference Include="..\uTestClassA.pas"/>
        <DCCReference Include="..\AutoMapper.pas"/>
        <DCCReference Include="..\uFuzzyStringMatch.pas"/>
        <BuildConfiguration Include="Base">
            <Key>Base</Key>
        </BuildConfiguration>
        <BuildConfiguration Include="Debug">
            <Key>Cfg_1</Key>
            <CfgParent>Base</CfgParent>
        </BuildConfiguration>
        <BuildConfiguration Include="Release">
            <Key>Cfg_2</Key>
            <CfgParent>Base</CfgParent>
        </BuildConfiguration>
    </ItemGroup>
    <ProjectExtensions>
        <Borland.Personality>Delphi.Personality.12</Borland.Personality>
        <Borland.ProjectType>Console</Borland.ProjectType>
        <BorlandProject>
            <Delphi.Personality>
                <Source>
                    <Source Name="MainSource">AutoMapperTests.dpr</Source>
                </Source>
                <Excluded_Packages/>
            </Delphi.Personality>
            <Deployment Version="3">
                <DeployClass Name="AdditionalDebugSymbols">
                    <Platform Name="Win32">
                        <Operation>0</Operation>
                    </Platform>
                </DeployClass>
                <DeployClass Name="DebugSymbols">
                    <Platform Name="Win32">
                        <Operation>0</Operation>
                    </Platform>
                </DeployClass>
                <DeployClass Name="DependencyFramework">
                    <Platform Name="Win32">
                        <Operation>0</Operation>
                    </Platform>
                </DeployClass>
                <DeployClass Name="DependencyModule">
                    <Platform Name="Win32">
                        <Operation>0</Operation>
                        <Extensions>.dll;.bpl</Extensions>
                    </Platform>
                </DeployClass>
                <DeployClass Required="true" Name="DependencyPackage">
                    <Platform Name="Win32">
                        <Operation>0</Operation>
                        <Extensions>.bpl</Extensions>
                    </Platform>
                </DeployClass>
                <DeployClass Name="File">
                    <Platform Name="Win32">
                        <Operation>0</Operation>
                    </Platform>
                </DeployClass>
                <DeployClass Required="true" Name="ProjectOutput">
                    <Platform Name="Win32">
                        <Operation>0</Operation>
                    </Platform>
                </DeployClass>
                <DeployClass Name="ProjectUWPManifest">
                    <Platform Name="Win32">
                        <Operation>1</Operation>
                    </Platform>
                </DeployClass>
                <DeployClass Name="UWP_DelphiLogo150">
                    <Platform Name="Win32">
                        <RemoteDir>Assets</RemoteDir>
                        <Operation>1</Operation>
                    </Platform>
                </DeployClass>
                <DeployClass Name="UWP_DelphiLogo44">
                    <Platform Name="Win32">
                        <RemoteDir>Assets</RemoteDir>
                        <Operation>1</Operation>
                    </Platform>
                </DeployClass>
                <ProjectRoot Platform="Win32" Name="$(PROJECTNAME)"/>
            </Deployment>
            <Platforms>
                <Platform value="Linux64">False</Platform>
                <Platform value="OSX32">False</Platform>
                <Platform value="Win32">True</Platform>
                <Platform value="Win64">False</Platform>
            </Platforms>
        </BorlandProject>
        <ProjectFileVersion>12</ProjectFileVersion>
    </ProjectExtensions>
    <Import Project="$(BDS)\Bin\CodeGear.Delphi.Targets" Condition="Exists('$(BDS)\Bin\CodeGear.Delphi.Targets')"/>
    <Import Project="$(APPDATA)\Embarcadero\$(BDSAPPDATABASEDIR)\$(PRODUCTVERSION)\UserTools.proj" Condition="Exists('$(APPDATA)\Embarcadero\$(BDSAPPDATABASEDIR)\$(PRODUCTVERSION)\UserTools.proj')"/>
    <Import Project="$(MSBuildProjectName).deployproj" Condition="Exists('$(MSBuildProjectName).deployproj')"/>
</Project>
